
Microsoft Visual Studio Solution File, Format Version 12.00
# Visual Studio 15
VisualStudioVersion = 15.0.28307.106
MinimumVisualStudioVersion = 10.0.40219.1
Project("{FAE04EC0-301F-11D3-BF4B-00C04F79EFBC}") = "devops", "devops\devops.csproj", "{F320AE7A-5D8C-43D3-ACAF-D046EF07F122}"
EndProject
Global
	GlobalSection(SolutionConfigurationPlatforms) = preSolution
		Debug|Any CPU = Debug|Any CPU
		Release|Any CPU = Release|Any CPU
	EndGlobalSection
	GlobalSection(ProjectConfigurationPlatforms) = postSolution
		{F320AE7A-5D8C-43D3-ACAF-D046EF07F122}.Debug|Any CPU.ActiveCfg = Debug|Any CPU
		{F320AE7A-5D8C-43D3-ACAF-D046EF07F122}.Debug|Any CPU.Build.0 = Debug|Any CPU
		{F320AE7A-5D8C-43D3-ACAF-D046EF07F122}.Release|Any CPU.ActiveCfg = Release|Any CPU
		{F320AE7A-5D8C-43D3-ACAF-D046EF07F122}.Release|Any CPU.Build.0 = Release|Any CPU
	EndGlobalSection
	GlobalSection(SolutionProperties) = preSolution
		HideSolutionNode = FALSE
	EndGlobalSection
	GlobalSection(ExtensibilityGlobals) = postSolution
		SolutionGuid = {963B1C70-1CE7-4F69-836C-91D295DB8086}
	EndGlobalSection
EndGlobal
